
Microsoft Visual Studio Solution File, Format Version 12.00
# Visual Studio 15
VisualStudioVersion = 15.0.26730.12
MinimumVisualStudioVersion = 10.0.40219.1
Project("{FAE04EC0-301F-11D3-BF4B-00C04F79EFBC}") = "EstoqueEntityModel", "EstoqueEntityModel\EstoqueEntityModel.csproj", "{659CD4FB-668E-415F-AC51-DD3A0E59A2F2}"
EndProject
Project("{E24C65DC-7377-472B-9ABA-BC803B73C61A}") = "ServicoEstoque", "ServicoEstoque\", "{E91E45F2-2EED-4540-A0DF-57E0C3477C6F}"
	ProjectSection(WebsiteProperties) = preProject
		TargetFrameworkMoniker = ".NETFramework,Version%3Dv4.6.1"
		ProjectReferences = "{659cd4fb-668e-415f-ac51-dd3a0e59a2f2}|EstoqueEntityModel.dll;"
		Debug.AspNetCompiler.VirtualPath = "/localhost_54669"
		Debug.AspNetCompiler.PhysicalPath = "ServicoEstoque\"
		Debug.AspNetCompiler.TargetPath = "PrecompiledWeb\localhost_54669\"
		Debug.AspNetCompiler.Updateable = "true"
		Debug.AspNetCompiler.ForceOverwrite = "true"
		Debug.AspNetCompiler.FixedNames = "false"
		Debug.AspNetCompiler.Debug = "True"
		Release.AspNetCompiler.VirtualPath = "/localhost_54669"
		Release.AspNetCompiler.PhysicalPath = "ServicoEstoque\"
		Release.AspNetCompiler.TargetPath = "PrecompiledWeb\localhost_54669\"
		Release.AspNetCompiler.Updateable = "true"
		Release.AspNetCompiler.ForceOverwrite = "true"
		Release.AspNetCompiler.FixedNames = "false"
		Release.AspNetCompiler.Debug = "False"
		VWDPort = "54669"
		SlnRelativePath = "ServicoEstoque\"
		DefaultWebSiteLanguage = "Visual C#"
	EndProjectSection
EndProject
Project("{FAE04EC0-301F-11D3-BF4B-00C04F79EFBC}") = "EstoqueLibrary", "EstoqueLibrary\EstoqueLibrary.csproj", "{7C969003-2940-4F3E-A1C5-2DEF020266AD}"
EndProject
Project("{FAE04EC0-301F-11D3-BF4B-00C04F79EFBC}") = "ProvedorEstoqueHost", "ProvedorEstoqueHost\ProvedorEstoqueHost.csproj", "{6F7B0E32-9075-4CE1-B189-3A334F429D62}"
EndProject
Project("{FAE04EC0-301F-11D3-BF4B-00C04F79EFBC}") = "EstoqueClient1", "EstoqueClient1\EstoqueClient1.csproj", "{CFE602AF-7C61-48A1-95E8-2490852A0306}"
	ProjectSection(ProjectDependencies) = postProject
		{E91E45F2-2EED-4540-A0DF-57E0C3477C6F} = {E91E45F2-2EED-4540-A0DF-57E0C3477C6F}
	EndProjectSection
EndProject
Project("{FAE04EC0-301F-11D3-BF4B-00C04F79EFBC}") = "EstoqueClient2", "EstoqueClient2\EstoqueClient2.csproj", "{ED7C39B3-62D5-441E-AC8D-24E7BA292683}"
EndProject
Global
	GlobalSection(SolutionConfigurationPlatforms) = preSolution
		Debug|Any CPU = Debug|Any CPU
		Release|Any CPU = Release|Any CPU
	EndGlobalSection
	GlobalSection(ProjectConfigurationPlatforms) = postSolution
		{659CD4FB-668E-415F-AC51-DD3A0E59A2F2}.Debug|Any CPU.ActiveCfg = Debug|Any CPU
		{659CD4FB-668E-415F-AC51-DD3A0E59A2F2}.Debug|Any CPU.Build.0 = Debug|Any CPU
		{659CD4FB-668E-415F-AC51-DD3A0E59A2F2}.Release|Any CPU.ActiveCfg = Release|Any CPU
		{659CD4FB-668E-415F-AC51-DD3A0E59A2F2}.Release|Any CPU.Build.0 = Release|Any CPU
		{E91E45F2-2EED-4540-A0DF-57E0C3477C6F}.Debug|Any CPU.ActiveCfg = Debug|Any CPU
		{E91E45F2-2EED-4540-A0DF-57E0C3477C6F}.Debug|Any CPU.Build.0 = Debug|Any CPU
		{E91E45F2-2EED-4540-A0DF-57E0C3477C6F}.Release|Any CPU.ActiveCfg = Debug|Any CPU
		{E91E45F2-2EED-4540-A0DF-57E0C3477C6F}.Release|Any CPU.Build.0 = Debug|Any CPU
		{7C969003-2940-4F3E-A1C5-2DEF020266AD}.Debug|Any CPU.ActiveCfg = Debug|Any CPU
		{7C969003-2940-4F3E-A1C5-2DEF020266AD}.Debug|Any CPU.Build.0 = Debug|Any CPU
		{7C969003-2940-4F3E-A1C5-2DEF020266AD}.Release|Any CPU.ActiveCfg = Release|Any CPU
		{7C969003-2940-4F3E-A1C5-2DEF020266AD}.Release|Any CPU.Build.0 = Release|Any CPU
		{6F7B0E32-9075-4CE1-B189-3A334F429D62}.Debug|Any CPU.ActiveCfg = Debug|Any CPU
		{6F7B0E32-9075-4CE1-B189-3A334F429D62}.Debug|Any CPU.Build.0 = Debug|Any CPU
		{6F7B0E32-9075-4CE1-B189-3A334F429D62}.Release|Any CPU.ActiveCfg = Release|Any CPU
		{6F7B0E32-9075-4CE1-B189-3A334F429D62}.Release|Any CPU.Build.0 = Release|Any CPU
		{CFE602AF-7C61-48A1-95E8-2490852A0306}.Debug|Any CPU.ActiveCfg = Debug|Any CPU
		{CFE602AF-7C61-48A1-95E8-2490852A0306}.Debug|Any CPU.Build.0 = Debug|Any CPU
		{CFE602AF-7C61-48A1-95E8-2490852A0306}.Release|Any CPU.ActiveCfg = Release|Any CPU
		{CFE602AF-7C61-48A1-95E8-2490852A0306}.Release|Any CPU.Build.0 = Release|Any CPU
		{ED7C39B3-62D5-441E-AC8D-24E7BA292683}.Debug|Any CPU.ActiveCfg = Debug|Any CPU
		{ED7C39B3-62D5-441E-AC8D-24E7BA292683}.Debug|Any CPU.Build.0 = Debug|Any CPU
		{ED7C39B3-62D5-441E-AC8D-24E7BA292683}.Release|Any CPU.ActiveCfg = Release|Any CPU
		{ED7C39B3-62D5-441E-AC8D-24E7BA292683}.Release|Any CPU.Build.0 = Release|Any CPU
	EndGlobalSection
	GlobalSection(SolutionProperties) = preSolution
		HideSolutionNode = FALSE
	EndGlobalSection
	GlobalSection(ExtensibilityGlobals) = postSolution
		SolutionGuid = {2B93A67C-E7E0-4774-AE8B-C85D6E047C94}
	EndGlobalSection
EndGlobal
